[[package]]
category = "dev"
description = "A small Python module for determining appropriate platform-specific dirs, e.g. a \"user data dir\"."
name = "appdirs"
optional = false
python-versions = "*"
version = "1.4.3"

[[package]]
category = "dev"
description = "A few extensions to pyyaml."
name = "aspy.yaml"
optional = false
python-versions = "*"
version = "1.1.2"

[package.dependencies]
pyyaml = "*"

[[package]]
category = "dev"
description = "Atomic file writes."
name = "atomicwrites"
optional = false
python-versions = ">=2.7, !=3.0.*, !=3.1.*, !=3.2.*, !=3.3.*"
version = "1.3.0"

[[package]]
category = "dev"
description = "Classes Without Boilerplate"
name = "attrs"
optional = false
python-versions = "*"
version = "18.2.0"

[[package]]
category = "main"
description = "multi-library, cross-platform audio decoding"
name = "audioread"
optional = false
python-versions = "*"
version = "2.1.6"

[[package]]
category = "dev"
description = "The uncompromising code formatter."
name = "black"
optional = false
python-versions = ">=3.6"
version = "18.9b0"

[package.dependencies]
appdirs = "*"
attrs = ">=17.4.0"
click = ">=6.5"
toml = ">=0.9.4"

[[package]]
category = "dev"
description = "Validate configuration and produce human readable error messages."
name = "cfgv"
optional = false
python-versions = "*"
version = "1.4.0"

[package.dependencies]
six = "*"

[[package]]
category = "dev"
description = "Composable command line interface toolkit"
name = "click"
optional = false
python-versions = ">=2.7, !=3.0.*, !=3.1.*, !=3.2.*, !=3.3.*"
version = "7.0"

[[package]]
category = "main"
description = "Extended pickling support for Python objects"
name = "cloudpickle"
optional = false
python-versions = "*"
version = "0.7.0"

[[package]]
category = "dev"
description = "Cross-platform colored terminal text."
marker = "sys_platform == \"win32\""
name = "colorama"
optional = false
python-versions = ">=2.7, !=3.0.*, !=3.1.*, !=3.2.*, !=3.3.*"
version = "0.4.1"

[[package]]
category = "main"
description = "Composable style cycles"
name = "cycler"
optional = false
python-versions = "*"
version = "0.10.0"

[package.dependencies]
six = "*"

[[package]]
category = "main"
description = "Parallel PyData with Task Scheduling"
name = "dask"
optional = false
python-versions = ">=2.7, !=3.0.*, !=3.1.*, !=3.2.*, !=3.3.*, !=3.4.*"
version = "1.1.1"

[[package]]
category = "main"
description = "Better living through Python with decorators"
name = "decorator"
optional = false
python-versions = ">=2.6, !=3.0.*, !=3.1.*"
version = "4.3.2"

[[package]]
category = "main"
description = "Pythonic argument parser, that will make you smile"
name = "docopt"
optional = false
python-versions = "*"
version = "0.6.2"

[[package]]
category = "main"
description = "Python 3.4 Enum backported to 3.3, 3.2, 3.1, 2.7, 2.6, 2.5, and 2.4"
name = "enum34"
optional = false
python-versions = "*"
version = "1.1.6"

[[package]]
category = "main"
description = "Python function signatures from PEP362 for Python 2.6, 2.7 and 3.2+"
name = "funcsigs"
optional = false
python-versions = "*"
version = "1.0.2"

[[package]]
category = "dev"
description = "File identification library for Python"
name = "identify"
optional = false
python-versions = "*"
version = "1.2.1"

[[package]]
category = "dev"
description = "Read metadata from Python packages"
name = "importlib-metadata"
optional = false
python-versions = ">=2.7,!=3.0,!=3.1,!=3.2,!=3.3"
version = "0.8"

[package.dependencies]
zipp = ">=0.3.2"

[[package]]
category = "dev"
description = "Read resources from Python packages"
marker = "python_version < \"3.7\""
name = "importlib-resources"
optional = false
python-versions = ">=2.7,!=3.0,!=3.1,!=3.2,!=3.3"
version = "1.0.2"

[[package]]
category = "main"
description = "Lightweight pipelining: using Python functions as pipeline jobs."
name = "joblib"
optional = false
python-versions = "*"
version = "0.13.1"

[[package]]
category = "main"
description = "A fast implementation of the Cassowary constraint solver"
name = "kiwisolver"
optional = false
python-versions = "*"
version = "1.0.1"

[package.dependencies]
setuptools = "*"

[[package]]
category = "main"
description = "Python module for audio and music processing"
name = "librosa"
optional = false
python-versions = "*"
version = "0.6.2"

[package.dependencies]
audioread = ">=2.0.0"
decorator = ">=3.0.0"
joblib = ">=0.12"
numba = ">=0.38.0"
numpy = ">=1.8.0"
resampy = ">=0.2.0"
scikit-learn = ">=0.14.0,<0.19.0 || >0.19.0"
scipy = ">=0.14.0"
six = ">=1.3"

[[package]]
category = "main"
description = "lightweight wrapper around basic LLVM functionality"
name = "llvmlite"
optional = false
python-versions = "*"
version = "0.27.0"

[package.dependencies]
enum34 = "*"

[[package]]
category = "main"
description = "Python plotting package"
name = "matplotlib"
optional = false
python-versions = ">=3.5"
version = "3.0.2"

[package.dependencies]
cycler = ">=0.10"
kiwisolver = ">=1.0.1"
numpy = ">=1.10.0"
pyparsing = ">=2.0.1,<2.0.4 || >2.0.4,<2.1.2 || >2.1.2,<2.1.6 || >2.1.6"
python-dateutil = ">=2.1"

[[package]]
category = "dev"
description = "More routines for operating on iterables, beyond itertools"
name = "more-itertools"
optional = false
python-versions = "*"
version = "5.0.0"

[package.dependencies]
six = ">=1.0.0,<2.0.0"

[[package]]
category = "main"
description = "Python package for creating and manipulating graphs and networks"
name = "networkx"
optional = false
python-versions = "*"
version = "2.2"

[package.dependencies]
decorator = ">=4.3.0"

[[package]]
category = "dev"
description = "Node.js virtual environment builder"
name = "nodeenv"
optional = false
python-versions = "*"
version = "1.3.3"

[[package]]
category = "main"
description = "compiling Python code using LLVM"
name = "numba"
optional = false
python-versions = "*"
version = "0.42.0"

[package.dependencies]
enum34 = "*"
funcsigs = "*"
llvmlite = ">=0.27.0dev0"
numpy = "*"
singledispatch = "*"

[[package]]
category = "main"
description = "NumPy: array processing for numbers, strings, records, and objects."
name = "numpy"
optional = false
python-versions = ">=2.7,!=3.0.*,!=3.1.*,!=3.2.*,!=3.3.*"
version = "1.15.4"

[[package]]
category = "main"
description = "Wrapper package for OpenCV python bindings."
name = "opencv-python-headless"
optional = true
python-versions = "*"
version = "4.0.0.21"

[package.dependencies]
numpy = ">=1.11.1"

[[package]]
category = "main"
description = "Powerful data structures for data analysis, time series, and statistics"
name = "pandas"
optional = false
python-versions = ">=2.7,!=3.0.*,!=3.1.*,!=3.2.*,!=3.3.*,!=3.4.*"
version = "0.23.4"

[package.dependencies]
numpy = ">=1.9.0"
python-dateutil = ">=2.5.0"
pytz = ">=2011k"

[[package]]
category = "main"
description = "Python Imaging Library (Fork)"
name = "pillow"
optional = false
python-versions = ">=2.7, !=3.0.*, !=3.1.*, !=3.2.*, !=3.3.*"
version = "5.4.1"

[[package]]
category = "dev"
description = "plugin and hook calling mechanisms for python"
name = "pluggy"
optional = false
python-versions = ">=2.7, !=3.0.*, !=3.1.*, !=3.2.*, !=3.3.*"
version = "0.8.1"

[[package]]
category = "dev"
description = "A framework for managing and maintaining multi-language pre-commit hooks."
name = "pre-commit"
optional = false
python-versions = "*"
version = "1.14.2"

[package.dependencies]
"aspy.yaml" = "*"
cfgv = ">=1.4.0"
identify = ">=1.0.0"
importlib-metadata = "*"
nodeenv = ">=0.11.1"
pyyaml = "*"
six = "*"
toml = "*"
virtualenv = "*"

[package.dependencies.importlib-resources]
python = "<3.7"
version = "*"

[[package]]
category = "dev"
description = "library with cross-python path, ini-parsing, io, code, log facilities"
name = "py"
optional = false
python-versions = ">=2.7, !=3.0.*, !=3.1.*, !=3.2.*, !=3.3.*"
version = "1.7.0"

[[package]]
category = "main"
description = "Python driver for MongoDB <http://www.mongodb.org>"
name = "pymongo"
optional = false
python-versions = "*"
version = "3.7.2"

[[package]]
category = "main"
description = "Python parsing module"
name = "pyparsing"
optional = false
python-versions = "*"
version = "2.3.1"

[[package]]
category = "main"
description = "Python bindings for the Qt cross platform UI and application toolkit"
name = "pyqt5"
optional = false
python-versions = "*"
version = "5.12"

[package.dependencies]
PyQt5_sip = ">=4.19.14,<4.20"

[[package]]
category = "main"
description = "Python extension module support for PyQt5"
name = "pyqt5-sip"
optional = false
python-versions = "*"
version = "4.19.14"

[[package]]
category = "dev"
description = "pytest: simple powerful testing with Python"
name = "pytest"
optional = false
python-versions = ">=2.7, !=3.0.*, !=3.1.*, !=3.2.*, !=3.3.*"
version = "4.2.0"

[package.dependencies]
atomicwrites = ">=1.0"
attrs = ">=17.4.0"
colorama = "*"
more-itertools = ">=4.0.0"
pluggy = ">=0.7"
py = ">=1.5.0"
setuptools = "*"
six = ">=1.10.0"

[[package]]
category = "main"
description = "Extensions to the standard Python datetime module"
name = "python-dateutil"
optional = false
python-versions = ">=2.7, !=3.0.*, !=3.1.*, !=3.2.*"
version = "2.8.0"

[package.dependencies]
six = ">=1.5"

[[package]]
category = "main"
description = "World timezone definitions, modern and historical"
name = "pytz"
optional = false
python-versions = "*"
version = "2018.9"

[[package]]
category = "main"
description = "PyWavelets, wavelet transform module"
name = "pywavelets"
optional = false
python-versions = "*"
version = "1.0.1"

[package.dependencies]
numpy = ">=1.9.1"

[[package]]
category = "dev"
description = "YAML parser and emitter for Python"
name = "pyyaml"
optional = false
python-versions = "*"
version = "3.13"

[[package]]
category = "main"
description = "Efficient signal resampling"
name = "resampy"
optional = false
python-versions = "*"
version = "0.2.1"

[package.dependencies]
numba = ">=0.32"
numpy = ">=1.10"
scipy = ">=0.13"
six = ">=1.3"

[[package]]
category = "main"
description = "Image processing routines for SciPy"
name = "scikit-image"
optional = false
python-versions = ">=2.7"
version = "0.14.1"

[package.dependencies]
PyWavelets = ">=0.4.0"
cloudpickle = ">=0.2.1"
dask = ">=0.9.0"
matplotlib = ">=2.0.0"
networkx = ">=1.8"
pillow = ">=4.3.0"
scipy = ">=0.17.0"
six = ">=1.10.0"

[[package]]
category = "main"
description = "A set of python modules for machine learning and data mining"
name = "scikit-learn"
optional = false
python-versions = "*"
version = "0.20.2"

[package.dependencies]
numpy = ">=1.8.2"
scipy = ">=0.13.3"

[[package]]
category = "main"
description = "SciPy: Scientific Library for Python"
name = "scipy"
optional = false
python-versions = ">=2.7,!=3.0.*,!=3.1.*,!=3.2.*,!=3.3.*"
version = "1.2.0"

[package.dependencies]
numpy = ">=1.8.2"

[[package]]
category = "main"
description = "This library brings functools.singledispatch from Python 3.4 to Python 2.6-3.3."
name = "singledispatch"
optional = false
python-versions = "*"
version = "3.4.0.3"

[package.dependencies]
six = "*"

[[package]]
category = "main"
description = "Python 2 and 3 compatibility utilities"
name = "six"
optional = false
python-versions = ">=2.6, !=3.0.*, !=3.1.*"
version = "1.12.0"

[[package]]
category = "dev"
description = "Python Library for Tom's Obvious, Minimal Language"
name = "toml"
optional = false
python-versions = "*"
version = "0.10.0"

[[package]]
category = "main"
description = "List processing tools and functional utilities"
name = "toolz"
optional = false
python-versions = "*"
version = "0.9.0"

[[package]]
category = "dev"
description = "Virtual Python Environment builder"
name = "virtualenv"
optional = false
python-versions = ">=2.7, !=3.0.*, !=3.1.*, !=3.2.*, !=3.3.*"
version = "16.4.0"

[[package]]
category = "dev"
description = "Pathlib-compatible object wrapper for zip files"
name = "zipp"
optional = false
python-versions = ">=2.7"
version = "0.3.3"

[metadata]
content-hash = "e7c3da3bdbf48088f690259e7da2d06621d1af448f020e11f935ae87216a03fc"
python-versions = "^3.6"

[metadata.hashes]
appdirs = ["9e5896d1372858f8dd3344faf4e5014d21849c756c8d5701f78f8a103b372d92", "d8b24664561d0d34ddfaec54636d502d7cea6e29c3eaf68f3df6180863e2166e"]
"aspy.yaml" = ["19dd2ee74f96b72a3096d78be1a872914c70982299cda137725478954870a896", "5eaaacd0886e8b581f0e4ff383fb6504720bb2b3c7be17307724246261a41adf"]
atomicwrites = ["03472c30eb2c5d1ba9227e4c2ca66ab8287fbfbbda3888aa93dc2e28fc6811b4", "75a9445bac02d8d058d5e1fe689654ba5a6556a1dfd8ce6ec55a0ed79866cfa6"]
attrs = ["10cbf6e27dbce8c30807caf056c8eb50917e0eaafe86347671b57254006c3e69", "ca4be454458f9dec299268d472aaa5a11f67a4ff70093396e1ceae9c76cf4bbb"]
audioread = ["b0b9270c20833a75ce0d167fb2fdad52ddcd8e8f300be8afad3ac9715850bc50"]
black = ["817243426042db1d36617910df579a54f1afd659adb96fc5032fcf4b36209739", "e030a9a28f542debc08acceb273f228ac422798e5215ba2a791a6ddeaaca22a5"]
cfgv = ["39d9055c47e3932908fe25abd5807e21dc002630db01c7a5f05738d027e2b706", "41d22dd864c474f919ecb88900000d2410d640315f75bdb79b3abf9347089641"]
click = ["2335065e6395b9e67ca716de5f7526736bfa6ceead690adf616d925bdc622b13", "5b94b49521f6456670fdb30cd82a4eca9412788a93fa6dd6df72c94d5a8ff2d7"]
cloudpickle = ["bf0b95dabf35645bc070a3f3d2f6e5c4ee8b247e2dfeb8022ad53bb2fe1bf03a", "d894ba62b0a04c3ccd482f6bc720dd02d4febcf320f5916c33d258b85d8409b1"]
colorama = ["05eed71e2e327246ad6b38c540c4a3117230b19679b875190486ddd2d721422d", "f8ac84de7840f5b9c4e3347b3c1eaa50f7e49c2b07596221daec5edaabbd7c48"]
cycler = ["1d8a5ae1ff6c5cf9b93e8811e581232ad8920aeec647c37316ceac982b08cb2d", "cd7b2d1018258d7247a71425e9f26463dfb444d411c39569972f4ce586b0c9d8"]
dask = ["2e70135d6856805699b52774d8e0cec41beda92bdfc9f9c776962b4bfb34822c", "a2ac2ed768c1ab7de8c3937faa8af50993deb1d0518777743bb72cbc07cb42ba"]
decorator = ["33cd704aea07b4c28b3eb2c97d288a06918275dac0ecebdaf1bc8a48d98adb9e", "cabb249f4710888a2fc0e13e9a16c343d932033718ff62e1e9bc93a9d3a9122b"]
docopt = ["49b3a825280bd66b3aa83585ef59c4a8c82f2c8a522dbe754a8bc8d08c85c491"]
enum34 = ["2d81cbbe0e73112bdfe6ef8576f2238f2ba27dd0d55752a776c41d38b7da2850", "644837f692e5f550741432dd3f223bbb9852018674981b1664e5dc339387588a", "6bd0f6ad48ec2aa117d3d141940d484deccda84d4fcd884f5c3d93c23ecd8c79", "8ad8c4783bf61ded74527bffb48ed9b54166685e4230386a9ed9b1279e2df5b1"]
funcsigs = ["330cc27ccbf7f1e992e69fef78261dc7c6569012cf397db8d3de0234e6c937ca", "a7bb0f2cf3a3fd1ab2732cb49eba4252c2af4240442415b4abce3b87022a8f50"]
identify = ["0749c74180ef0f6a3874eaa0bf89a6990a523233180e83e6f3c7c27312ac9ba3", "1cf14bc0324d83a742f558051db0c2cbe15d8b9ae1c59dfefbe38935f1d1ee31"]
importlib-metadata = ["a17ce1a8c7bff1e8674cb12c992375d8d0800c9190177ecf0ad93e0097224095", "b50191ead8c70adfa12495fba19ce6d75f2e0275c14c5a7beb653d6799b512bd"]
importlib-resources = ["6e2783b2538bd5a14678284a3962b0660c715e5a0f10243fd5e00a4b5974f50b", "d3279fd0f6f847cced9f7acc19bd3e5df54d34f93a2e7bb5f238f81545787078"]
joblib = ["4deed0d8d3368aa0353f9a3cb22582c7100ce9db2c4b489c838957982b3a5d2b", "e03840163390c19d139381a2545e413b192d9253ea41286085e30ceaeadbfec4"]
kiwisolver = ["0ee4ed8b3ae8f5f712b0aa9ebd2858b5b232f1b9a96b0943dceb34df2a223bc3", "0f7f532f3c94e99545a29f4c3f05637f4d2713e7fd91b4dd8abfc18340b86cd5", "1a078f5dd7e99317098f0e0d490257fd0349d79363e8c923d5bb76428f318421", "1aa0b55a0eb1bd3fa82e704f44fb8f16e26702af1a073cc5030eea399e617b56", "2874060b91e131ceeff00574b7c2140749c9355817a4ed498e82a4ffa308ecbc", "379d97783ba8d2934d52221c833407f20ca287b36d949b4bba6c75274bcf6363", "3b791ddf2aefc56382aadc26ea5b352e86a2921e4e85c31c1f770f527eb06ce4", "4329008a167fac233e398e8a600d1b91539dc33c5a3eadee84c0d4b04d4494fa", "45813e0873bbb679334a161b28cb9606d9665e70561fd6caa8863e279b5e464b", "53a5b27e6b5717bdc0125338a822605084054c80f382051fb945d2c0e6899a20", "574f24b9805cb1c72d02b9f7749aa0cc0b81aa82571be5201aa1453190390ae5", "66f82819ff47fa67a11540da96966fb9245504b7f496034f534b81cacf333861", "79e5fe3ccd5144ae80777e12973027bd2f4f5e3ae8eb286cabe787bed9780138", "83410258eb886f3456714eea4d4304db3a1fc8624623fc3f38a487ab36c0f653", "8b6a7b596ce1d2a6d93c3562f1178ebd3b7bb445b3b0dd33b09f9255e312a965", "9576cb63897fbfa69df60f994082c3f4b8e6adb49cccb60efb2a80a208e6f996", "95a25d9f3449046ecbe9065be8f8380c03c56081bc5d41fe0fb964aaa30b2195", "a424f048bebc4476620e77f3e4d1f282920cef9bc376ba16d0b8fe97eec87cde", "aaec1cfd94f4f3e9a25e144d5b0ed1eb8a9596ec36d7318a504d813412563a85", "acb673eecbae089ea3be3dcf75bfe45fc8d4dcdc951e27d8691887963cf421c7", "b15bc8d2c2848a4a7c04f76c9b3dc3561e95d4dabc6b4f24bfabe5fd81a0b14f", "b1c240d565e977d80c0083404c01e4d59c5772c977fae2c483f100567f50847b", "c595693de998461bcd49b8d20568c8870b3209b8ea323b2a7b0ea86d85864694", "ce3be5d520b4d2c3e5eeb4cd2ef62b9b9ab8ac6b6fedbaa0e39cdb6f50644278", "e0f910f84b35c36a3513b96d816e6442ae138862257ae18a0019d2fc67b041dc", "ea36e19ac0a483eea239320aef0bd40702404ff8c7e42179a2d9d36c5afcb55c", "efabbcd4f406b532206b8801058c8bab9e79645b9880329253ae3322b7b02cd5", "f923406e6b32c86309261b8195e24e18b6a8801df0cfc7814ac44017bfcb3939"]
librosa = ["2aa868b8aade749b9904eeb7034fcf44115601c367969b6d01f5e1b4b9b6031d"]
llvmlite = ["0db9440d163cd63eb6d94213e33e7134bd015c3d4fb2ba92b70d42527ea8f30b", "0dcdabadd686b650072090fc5fe925dfcfaf1d451c801b38fc6beefc7ec0761c", "32615100c7c9f3101d2608fab5c85afa559406f44bede135d450d3b79f28cf0e", "3ff0024df6816404824a2a7f45b3849b8868005522571c4615f02c0e26336e20", "43aafc62a415d293fa2629b7fb2b114167b877dd1a4b00e9942c5b232a529bc9", "47bf2d974ef95aa36d3c06b9676fca576ce1b0ec6d772c38fc73ffc3155249d8", "5d79c2f118834b72f8d0dd918be311ecd8cac4dee69a07316e214cadea9d2fc6", "5ff86f4b61af73ef1a23748f3c730dd8307487ca4acd6c1e0509164c77a42095", "7d6c818d63ea291e3004c16ffddf252fd316d1593f1f37f49234ab7a5f228117", "822eedc77c90a95f375a8ad61757bf341be81a499003433615f73319ec7b8f6e", "8b18e9d8ef2ba0213e45ded927e81ff9a7776f15f7075e4084d76cfd55d60dea", "96ebb264f386b087b2f860b83937828bccf3689b6e09a76f62de8a5b181d4e15", "a1ec464c712182b57eb4181ba921b01f53dba0b5e64c95888c64c28ab9079c71", "a56788241d45913059ea954b3a442d56cc2511906d150aaf15c21e84494a1ae0", "a5e45723b42a2318be243399816a6f3d1848474579a01124b07661280c131e9f", "cdc0c7441a46e49c0e68ec9ca247d2f140863bc63f5992900137ce1aca5a63e1", "d07b0caa5c79b36de6d28dadd0364434e360e2e97cc02d6ad0ca60e54b8f89f0", "d85b50eb86b16f0f2232277edae3d520e22bc15f141c0cab41aede24a5ab63f7", "fad96e1c91c82f0541a636b2918379009a79ea549218c32591222b1719e75aaf", "fcef99dd51219f6732b792f9fec0f99cea2241dc36ba56d33f7e1500e2c893f4", "fe5b97ace13056ac1640204eaf1585ab35b14975b4257395433aed50f16cfd9f"]
matplotlib = ["16aa61846efddf91df623bbb4598e63be1068a6b6a2e6361cc802b41c7a286eb", "1975b71a33ac986bb39b6d5cfbc15c7b1f218f1134efb4eb3881839d6ae69984", "2b222744bd54781e6cc0b717fa35a54e5f176ba2ced337f27c5b435b334ef854", "317643c0e88fad55414347216362b2e229c130edd5655fea5f8159a803098468", "4269ce3d1b897d46fc3cc2273a0cc2a730345bb47e4456af662e6fca85c89dd7", "65214fd668975077cdf8d408ccf2b2d6bdf73b4e6895a79f8e99ce4f0b43fcdb", "74bc213ab8a92d86a0b304d9359d1e1d14168d4c6121b83862c9d8a88b89a738", "88949be0db54755995dfb0210d0099a8712a3c696c860441971354c3debfc4af", "8e1223d868be89423ec95ada5f37aa408ee64fe76ccb8e4d5f533699ba4c0e4a", "9fa00f2d7a552a95fa6016e498fdeb6d74df537853dda79a9055c53dfc8b6e1a", "c27fd46cab905097ba4bc28d5ba5289930f313fb1970c9d41092c9975b80e9b4", "c94b792af431f6adb6859eb218137acd9a35f4f7442cea57e4a59c54751c36af", "f4c12a01eb2dc16693887a874ba948b18c92f425c4d329639ece6d3bb8e631bb"]
more-itertools = ["38a936c0a6d98a38bcc2d03fdaaedaba9f412879461dd2ceff8d37564d6522e4", "c0a5785b1109a6bd7fac76d6837fd1feca158e54e521ccd2ae8bfe393cc9d4fc", "fe7a7cae1ccb57d33952113ff4fa1bc5f879963600ed74918f1236e212ee50b9"]
networkx = ["45e56f7ab6fe81652fb4bc9f44faddb0e9025f469f602df14e3b2551c2ea5c8b"]
nodeenv = ["ad8259494cf1c9034539f6cced78a1da4840a4b157e23640bc4a0c0546b0cb7a"]
numba = ["156286463b4ca43f0daa15bfd7208c9feb09a59f43ceae2ae7efe12fe0065d1a", "199cb72bf3f8ffdd88ef14b8f5dfe8e9f54e67ca20e82d7ca553ab83738a41ad", "2732329d8a748f55243461d6fa7573d42bfa2f1662eb4d84d505549949bd7c47", "2953ee02285a50fc558c3a92573e984b47b01a8efde57bd195b14d6193264d99", "2eb83518072012719c9f566895f33e0b569ca7a2006ceca345f8460e942745fd", "2ecffc1eef16c0597325c7d70e1962f4d141373e1c723de58a44d0e101e317c5", "3de1dd3134d0b4c352b04362ab2c5e8ecb314b7ff6b2256266548402ba6b380f", "4025a492c333fb418d02c67ad6f99d970a50c69c49da5eeeb025684bbdf42f79", "408c949db177172341020b5fc46bf3c08a286f787d2777a9b96a838e988e66d0", "62ecaa1362ff54d81766d2476c1a17a958a4878a40ad05cbeea4c0eaff8f9cb0", "650947dc59c5e36b2a1cf05a3ff227b2cb90165e43e07189408b5609117ba065", "6854a6a5411018b713e41e9332ec0d20c931011656f83e88352f7b7099c71a0c", "94115b04dd2a1ff8f1dabf5c389757056725ac03e294167026f736d97a19fcd4", "a04696f35841e8c91ee0c0b266cdd3953f095bd32384c3628e4641e42167ead3", "ae3bcba0cc0f51685dffb6746d5b05af289144c785763688e1b3cafc9bdfef62", "df1c0ad7a35bf803ca918794e930024db5ddce453a4583e9412260701c6cbadd", "ee1ea6bc342f098d3557b6c81828c82cd86fb54ed187f29e8e9317d42b1f825f", "f018851c0dceddc3685a622a1c12737ba5a0e45a3e179cb02a310fe09676f547", "f853877cbd0e47d4028186fda2af263a85cce1ee1fb5a63019c46c478dddb0d1", "fe8e87d96ebe360a8beff92520002d870159f87120a8db818cc8b1fda4756bcb", "ffd1c19787179ef8006d9fbcbb84c15d1c7bc0f99de2797be7b6ebfbfebd7791"]
numpy = ["0df89ca13c25eaa1621a3f09af4c8ba20da849692dcae184cb55e80952c453fb", "154c35f195fd3e1fad2569930ca51907057ae35e03938f89a8aedae91dd1b7c7", "18e84323cdb8de3325e741a7a8dd4a82db74fde363dce32b625324c7b32aa6d7", "1e8956c37fc138d65ded2d96ab3949bd49038cc6e8a4494b1515b0ba88c91565", "23557bdbca3ccbde3abaa12a6e82299bc92d2b9139011f8c16ca1bb8c75d1e95", "24fd645a5e5d224aa6e39d93e4a722fafa9160154f296fd5ef9580191c755053", "36e36b6868e4440760d4b9b44587ea1dc1f06532858d10abba98e851e154ca70", "3d734559db35aa3697dadcea492a423118c5c55d176da2f3be9c98d4803fc2a7", "416a2070acf3a2b5d586f9a6507bb97e33574df5bd7508ea970bbf4fc563fa52", "4a22dc3f5221a644dfe4a63bf990052cc674ef12a157b1056969079985c92816", "4d8d3e5aa6087490912c14a3c10fbdd380b40b421c13920ff468163bc50e016f", "4f41fd159fba1245e1958a99d349df49c616b133636e0cf668f169bce2aeac2d", "561ef098c50f91fbac2cc9305b68c915e9eb915a74d9038ecf8af274d748f76f", "56994e14b386b5c0a9b875a76d22d707b315fa037affc7819cda08b6d0489756", "73a1f2a529604c50c262179fcca59c87a05ff4614fe8a15c186934d84d09d9a5", "7da99445fd890206bfcc7419f79871ba8e73d9d9e6b82fe09980bc5bb4efc35f", "99d59e0bcadac4aa3280616591fb7bcd560e2218f5e31d5223a2e12a1425d495", "a4cc09489843c70b22e8373ca3dfa52b3fab778b57cf81462f1203b0852e95e3", "a61dc29cfca9831a03442a21d4b5fd77e3067beca4b5f81f1a89a04a71cf93fa", "b1853df739b32fa913cc59ad9137caa9cc3d97ff871e2bbd89c2a2a1d4a69451", "b1f44c335532c0581b77491b7715a871d0dd72e97487ac0f57337ccf3ab3469b", "b261e0cb0d6faa8fd6863af26d30351fd2ffdb15b82e51e81e96b9e9e2e7ba16", "c857ae5dba375ea26a6228f98c195fec0898a0fd91bcf0e8a0cae6d9faf3eca7", "cf5bb4a7d53a71bb6a0144d31df784a973b36d8687d615ef6a7e9b1809917a9b", "db9814ff0457b46f2e1d494c1efa4111ca089e08c8b983635ebffb9c1573361f", "df04f4bad8a359daa2ff74f8108ea051670cafbca533bb2636c58b16e962989e", "ecf81720934a0e18526177e645cbd6a8a21bb0ddc887ff9738de07a1df5c6b61", "edfa6fba9157e0e3be0f40168eb142511012683ac3dc82420bee4a3f3981b30e"]
opencv-python-headless = ["04e20b557cad75c52c78f488f1cbf52b3296c3bc7b6a61eceb69cddf63ed0b72", "0feb2e3b91d4358c3bb306789efd4bb4b01ff80b2e0c17f2d12e69b9108df75a", "19926880ee4ed6fc61b07a688d92c1c8d48df762657ec2a3e95d165d5aa7d845", "214e1941a1a4f68fc8d910b95d6420b4b55d6adc539b61eb9d0b76f7df940c6d", "2ef1ac252482de04fc0a207facbf94a3fb165396483d99c069d2be4874441686", "3486a57fa538f3a02e23f8b902b2bb0986e3dc278f3ad6c4a94ee272b53e3720", "4c8668aa61b8b36eb5239a60572a0933a0f2bc9a007e08966d6a8c5a3d0f3722", "58186c5d06688a06988fb877b6a89fa2b39d5dcf5aa611cff73dc0b6e5116823", "5a57bc143c26707c40d56b101e9a9cef2dd5e8bbf3d14be852248060b52b4d35", "671c1fe518add5466fd9abf009eadd75195750d03ae81923ffcc65f1d7e103a3", "6948054f238cd44873a36ea3a86948a01242e27868d70205f831db2d24b6cbff", "75bc00287d68e09e909d8cbe3be80be437bc454f229fdbc9e031dbb3f3f3c071", "82820ed17a6d66844e66af2cb5090c4f304c03a12ddce53cad79cdd135d8da04", "939de840c2b2da5100fd27993a449e7da729bd2efbd7aae8c1af8766605beb40", "a1f629c61b71de20ff2613e81a33395f41a12677a71bcaf3891b1cef12454bbc", "a2d9d25f58897514197cf376799f5a7cd0612a15d0461da3fd4718cf06810720", "ac1eeb05c1dcca4494edfaa9206533899e2b1841155a3ff5432bcddbf7590846", "c2f315cdad04fb05d1fc2b94edffbeb39cdab3683a27f1ef551529420a016ba6", "c89249f54321a61f9b6adc963a7a1eeea0ea8152e09f5ff598ca9ec4c43b1d6a", "d11211b30619819b2e224cf4eefc4d15e046819a78b68d6b864f546db65f5faa", "d49c725fa1012d655ffc84c55bc4b02c7f78ac21411f7588ff079c4a9c2a5604", "d5aec5c54c41f6b99a6a8bfc3e9872c56096f6cd8717ab8a3084b1034a58f8d4", "d6f7278242770441674d0b7cc61672829a72c40a0521d3a7a74348ff86348570", "d7610a7de886994ad29060bb15f731a531a7d8faf16e5ab169cc0e7c7732394a", "ddab5aa7295e89a0d7a5f5ea7fcb831b88749cf41fac5bfbeb878078a9bd2df1", "eda2c9431c66826a627a4e9b80bb40ddd03805306da93c8e703a3a6aebbf90f7", "f8fb14d7d46e7adb0c4f88c7f8cb5e1ce7ef40088fcd13e24c6d2b18f77d1f75"]
pandas = ["11975fad9edbdb55f1a560d96f91830e83e29bed6ad5ebf506abda09818eaf60", "12e13d127ca1b585dd6f6840d3fe3fa6e46c36a6afe2dbc5cb0b57032c902e31", "1c87fcb201e1e06f66e23a61a5fea9eeebfe7204a66d99df24600e3f05168051", "242e9900de758e137304ad4b5663c2eff0d798c2c3b891250bd0bd97144579da", "26c903d0ae1542890cb9abadb4adcb18f356b14c2df46e4ff657ae640e3ac9e7", "2e1e88f9d3e5f107b65b59cd29f141995597b035d17cc5537e58142038942e1a", "31b7a48b344c14691a8e92765d4023f88902ba3e96e2e4d0364d3453cdfd50db", "4fd07a932b4352f8a8973761ab4e84f965bf81cc750fb38e04f01088ab901cb8", "5b24ca47acf69222e82530e89111dd9d14f9b970ab2cd3a1c2c78f0c4fbba4f4", "647b3b916cc8f6aeba240c8171be3ab799c3c1b2ea179a3be0bd2712c4237553", "66b060946046ca27c0e03e9bec9bba3e0b918bafff84c425ca2cc2e157ce121e", "6efa9fa6e1434141df8872d0fa4226fc301b17aacf37429193f9d70b426ea28f", "be4715c9d8367e51dbe6bc6d05e205b1ae234f0dc5465931014aa1c4af44c1ba", "bea90da782d8e945fccfc958585210d23de374fa9294a9481ed2abcef637ebfc", "d318d77ab96f66a59e792a481e2701fba879e1a453aefeebdb17444fe204d1ed", "d785fc08d6f4207437e900ffead930a61e634c5e4f980ba6d3dc03c9581748c7", "de9559287c4fe8da56e8c3878d2374abc19d1ba2b807bfa7553e912a8e5ba87c", "f4f98b190bb918ac0bc0e3dd2ab74ff3573da9f43106f6dba6385406912ec00f", "f71f1a7e2d03758f6e957896ed696254e2bc83110ddbc6942018f1a232dd9dad", "fb944c8f0b0ab5c1f7846c686bc4cdf8cde7224655c12edcd59d5212cd57bec0"]
pillow = ["01a501be4ae05fd714d269cb9c9f145518e58e73faa3f140ddb67fae0c2607b1", "051de330a06c99d6f84bcf582960487835bcae3fc99365185dc2d4f65a390c0e", "07c35919f983c2c593498edcc126ad3a94154184899297cc9d27a6587672cbaa", "0ae5289948c5e0a16574750021bd8be921c27d4e3527800dc9c2c1d2abc81bf7", "0b1efce03619cdbf8bcc61cfae81fcda59249a469f31c6735ea59badd4a6f58a", "0cf0208500df8d0c3cad6383cd98a2d038b0678fd4f777a8f7e442c5faeee81d", "163136e09bd1d6c6c6026b0a662976e86c58b932b964f255ff384ecc8c3cefa3", "18e912a6ccddf28defa196bd2021fe33600cbe5da1aa2f2e2c6df15f720b73d1", "24ec3dea52339a610d34401d2d53d0fb3c7fd08e34b20c95d2ad3973193591f1", "267f8e4c0a1d7e36e97c6a604f5b03ef58e2b81c1becb4fccecddcb37e063cc7", "3273a28734175feebbe4d0a4cde04d4ed20f620b9b506d26f44379d3c72304e1", "39fbd5d62167197318a0371b2a9c699ce261b6800bb493eadde2ba30d868fe8c", "4132c78200372045bb348fcad8d52518c8f5cfc077b1089949381ee4a61f1c6d", "4baab2d2da57b0d9d544a2ce0f461374dd90ccbcf723fe46689aff906d43a964", "4c678e23006798fc8b6f4cef2eaad267d53ff4c1779bd1af8725cc11b72a63f3", "4d4bc2e6bb6861103ea4655d6b6f67af8e5336e7216e20fff3e18ffa95d7a055", "505738076350a337c1740a31646e1de09a164c62c07db3b996abdc0f9d2e50cf", "5233664eadfa342c639b9b9977190d64ad7aca4edc51a966394d7e08e7f38a9f", "52e2e56fc3706d8791761a157115dc8391319720ad60cc32992350fda74b6be2", "5337ac3280312aa065ed0a8ec1e4b6142e9f15c31baed36b5cd964745853243f", "5ccd97e0f01f42b7e35907272f0f8ad2c3660a482d799a0c564c7d50e83604d4", "5d95cb9f6cced2628f3e4de7e795e98b2659dfcc7176ab4a01a8b48c2c2f488f", "634209852cc06c0c1243cc74f8fdc8f7444d866221de51125f7b696d775ec5ca", "75d1f20bd8072eff92c5f457c266a61619a02d03ece56544195c56d41a1a0522", "7eda4c737637af74bac4b23aa82ea6fbb19002552be85f0b89bc27e3a762d239", "801ddaa69659b36abf4694fed5aa9f61d1ecf2daaa6c92541bbbbb775d97b9fe", "825aa6d222ce2c2b90d34a0ea31914e141a85edefc07e17342f1d2fdf121c07c", "87fe838f9dac0597f05f2605c0700b1926f9390c95df6af45d83141e0c514bd9", "9c215442ff8249d41ff58700e91ef61d74f47dfd431a50253e1a1ca9436b0697", "a3d90022f2202bbb14da991f26ca7a30b7e4c62bf0f8bf9825603b22d7e87494", "a631fd36a9823638fe700d9225f9698fb59d049c942d322d4c09544dc2115356", "a6523a23a205be0fe664b6b8747a5c86d55da960d9586db039eec9f5c269c0e6", "a756ecf9f4b9b3ed49a680a649af45a8767ad038de39e6c030919c2f443eb000", "ac036b6a6bac7010c58e643d78c234c2f7dc8bb7e591bd8bc3555cf4b1527c28", "b117287a5bdc81f1bac891187275ec7e829e961b8032c9e5ff38b70fd036c78f", "ba04f57d1715ca5ff74bb7f8a818bf929a204b3b3c2c2826d1e1cc3b1c13398c", "ba6ef2bd62671c7fb9cdb3277414e87a5cd38b86721039ada1464f7452ad30b2", "c8939dba1a37960a502b1a030a4465c46dd2c2bca7adf05fa3af6bea594e720e", "cd878195166723f30865e05d87cbaf9421614501a4bd48792c5ed28f90fd36ca", "cee815cc62d136e96cf76771b9d3eb58e0777ec18ea50de5cfcede8a7c429aa8", "d1722b7aa4b40cf93ac3c80d3edd48bf93b9208241d166a14ad8e7a20ee1d4f3", "d7c1c06246b05529f9984435fc4fa5a545ea26606e7f450bdbe00c153f5aeaad", "db418635ea20528f247203bf131b40636f77c8209a045b89fa3badb89e1fcea0", "e1555d4fda1db8005de72acf2ded1af660febad09b4708430091159e8ae1963e", "e9c8066249c040efdda84793a2a669076f92a301ceabe69202446abb4c5c5ef9", "e9f13711780c981d6eadd6042af40e172548c54b06266a1aabda7de192db0838", "f0e3288b92ca5dbb1649bd00e80ef652a72b657dc94989fa9c348253d179054b", "f227d7e574d050ff3996049e086e1f18c7bd2d067ef24131e50a1d3fe5831fbc", "f62b1aeb5c2ced8babd4fbba9c74cbef9de309f5ed106184b12d9778a3971f15", "f71ff657e63a9b24cac254bb8c9bd3c89c7a1b5e00ee4b3997ca1c18100dac28", "fc9a12aad714af36cf3ad0275a96a733526571e52710319855628f476dcb144e"]
pluggy = ["8ddc32f03971bfdf900a81961a48ccf2fb677cf7715108f85295c67405798616", "980710797ff6a041e9a73a5787804f848996ecaa6f8a1b1e08224a5894f2074a"]
pre-commit = ["2cb7a588fdc78e4ec4e624932765e65d285159f4b3425121106cbd9060e40e04", "74ee5779a17ef540efdf9a832911fe9057b1bb57d5d0152eace6534a228a863b"]
py = ["bf92637198836372b520efcba9e020c330123be8ce527e535d185ed4b6f45694", "e76826342cefe3c3d5f7e8ee4316b80d1dd8a300781612ddbc765c17ba25a6c6"]
pymongo = ["025f94fc1e1364f00e50badc88c47f98af20012f23317234e51a11333ef986e6", "02aa7fb282606331aefbc0586e2cf540e9dbe5e343493295e7f390936ad2738e", "057210e831573e932702cf332012ed39da78edf0f02d24a3f0b213264a87a397", "0d946b79c56187fe139276d4c8ed612a27a616966c8b9779d6b79e2053587c8b", "104790893b928d310aae8a955e0bdbaa442fb0ac0a33d1bbb0741c791a407778", "15527ef218d95a8717486106553b0d54ff2641e795b65668754e17ab9ca6e381", "164d02c7b1b5e27bf1da581a334762cf66df4a105d7faf46910cfc104ed255e4", "1826527a0b032f6e20e7ac7f72d7c26dd476a5e5aa82c04aa1c7088a59fded7d", "22e3aa4ce1c3eebc7f70f9ca7fd4ce1ea33e8bdb7b61996806cd312f08f84a3a", "244e1101e9a48615b9a16cbd194f73c115fdfefc96894803158608115f703b26", "24b8c04fdb633a84829d03909752c385faef249c06114cc8d8e1700b95aae5c8", "2c276696350785d3104412cbe3ac70ab1e3a10c408e7b20599ee41403a3ed630", "2d8474dc833b1182b651b184ace997a7bd83de0f51244de988d3c30e49f07de3", "3119b57fe1d964781e91a53e81532c85ed1701baaddec592e22f6b77a9fdf3df", "3bee8e7e0709b0fcdaa498a3e513bde9ffc7cd09dbceb11e425bd91c89dbd5b6", "436c071e01a464753d30dbfc8768dd93aecf2a8e378e5314d130b95e77b4d612", "46635e3f19ad04d5a7d7cf23d232388ddbfccf46d9a3b7436b6abadda4e84813", "4772e0b679717e7ac4608d996f57b6f380748a919b457cb05bb941467b888b22", "4e2cd80e16f481a62c3175b607373200e714ed29025f21559ebf7524f295689f", "52732960efa0e003ca1c092dc0a3c65276e897681287a788a01ca78dda3b41f0", "55a7de51ec7d1731b2431886d0349146645f2816e5b8eb982d7c49f89472c9f3", "5f8ed5934197a2d4b2087646e98de3e099a237099dcf498b9e38dd3465f74ef4", "64b064124fcbc8eb04a155117dc4d9a336e3cda3f069958fbc44fe70c3c3d1e9", "65958b8e4319f992e85dad59d8081888b97fcdbde5f0d14bc28f2848b92d3ef1", "6be7f7302487c4d456ff8b58a1e31dd3e3c844189f5b892ef23310e0abf0db7b", "7683428862e20c6a790c19e64f8ccf487f613fbc83d47e3d532df9c81668d451", "78566d5570c75a127c2491e343dc006798a384f06be588fe9b0cbe5595711559", "7d1cb00c093dbf1d0b16ccf123e79dee3b82608e4a2a88947695f0460eef13ff", "8c74e2a9b594f7962c62cef7680a4cb92a96b4e6e3c2f970790da67cc0213a7e", "8e60aa7699170f55f4b0f56ee6f8415229777ac7e4b4b1aa41fc61eec08c1f1d", "90e40fbe59e3c223ac689b0537a5df1ab431c19741a2b42240b88cc672d083aa", "9447b561529576d89d3bf973e5241a88cf76e45bd101963f5236888713dea774", "970055bfeb0be373f2f5299a3db8432444bad3bc2f198753ee6c2a3a781e0959", "a6344b8542e584e140dc3c651d68bde51270e79490aa9320f9e708f9b2c39bd5", "ce309ca470d747b02ba6069d286a17b7df8e9c94d10d727d9cf3a64e51d85184", "cfbd86ed4c2b2ac71bbdbcea6669bf295def7152e3722ddd9dda94ac7981f33d", "d7929c513732dff093481f4a0954ed5ff16816365842136b17caa0b4992e49d3", "e21180042aaa9589471c27f0cc1e38868abeaa59f988877fa129f3b5efdf6bfb", "e98a9d2c590bc5a5e84f32430d2dc1fcc549d0a150a613bae6eadb5ef7c20465"]
pyparsing = ["66c9268862641abcac4a96ba74506e594c884e3f57690a696d21ad8210ed667a", "f6c5ef0d7480ad048c054c37632c67fca55299990fff127850181659eea33fc3"]
pyqt5 = ["13140cfe0287decebcec72f933247291e366e0de52bc60a9d52926c24792f872", "281cd0a4548fc3f4c594e0e34dc00953e50951d9ef5c9e9c8f79ef14412e30ed", "2d8f4f9e712ab186c19ff52330fd5f80c21bf401fc7c8bcbd314b555a717b7b0", "fd5946795b39922f971cf92dec799aadc7544b7fa993a79b9f6059f13d817e6e"]
pyqt5-sip = ["04bd0bb8b6f8fa03c2dfbdfff0c8c9bfb3f46a21dd4cac73983dae93bf949523", "058d450c26be92193605f4628ff690d77080f599ffe381a1029cea8eeb71ab8e", "0b838ef8a55461785e78b4e347cf52ce228a5d4392c57e07cc46de51433dc8ac", "40504f96ecb834e54491ead558589bfd773056dba7f2df76599a06fdd8ed1ead", "49b2151bd0a0e439efc9d4c22c33a048d8e8ede5c7296851c221fa0988887edb", "6540b510f9436fe2d65801af55ecbf8c43bdda47294e994ed3851403a93e4a8b", "6b3063b12e700944172d57cdbeafb363229669af933f873d01c7a6d8a91c4c87", "6b65d2b14084eb583bf4cf68b97ade295fabae5f5bf2aae0ab00ab30533f1c60", "6ca796071b21761917ee486e57bfa2fc694580e65c462e4173cf849ed8fe201c", "6d3013a6820ea614f46fdc73cc16dd57c36a0c74bcbd38bd0b9f2d46b6e6dd16", "84f7401afdd5f31e961de75e9c6b1610849e8883fbe0ed675bbb7d7d97286347", "bb81cfc4d35ca59f1c419b6abeb6ca6a726a63b712cf979f2b5ab24b81c36f49"]
pytest = ["65aeaa77ae87c7fc95de56285282546cfa9c886dc8e5dc78313db1c25e21bc07", "6ac6d467d9f053e95aaacd79f831dbecfe730f419c6c7022cb316b365cd9199d"]
python-dateutil = ["7e6584c74aeed623791615e26efd690f29817a27c73085b78e4bad02493df2fb", "c89805f6f4d64db21ed966fda138f8a5ed7a4fdbc1a8ee329ce1b74e3c74da9e"]
pytz = ["32b0891edff07e28efe91284ed9c31e123d84bea3fd98e1f72be2508f43ef8d9", "d5f05e487007e29e03409f9398d074e158d920d36eb82eaf66fb1136b0c5374c"]
pywavelets = ["01683797c855d10d9ee78f46272b99b02f70a474e35baa54d150a385be9a9253", "1096feae3ad08fa844978cbd1d8476cab34b5364b7f087f5878cd5b451001574", "1732bd3638fae0693b7e30db63034f4f4ef36dc3018daf1da7ff024f060fc6e9", "1a07231da072e3085b0c59cff6a2aa0ed3b17983f16d2b561764f5fa7207c8ac", "25a98babb7907b4e6a5b508e519cd3179e6dc17c3840fb1b6306e82fdd4bcd3e", "31417d6e5454881514974d40f7df40cc8588a3818b778137f2d51fd06f0ab7d9", "351995c681d2a1ec556996bb645b8acdb0d2e4b80fb3617c1104a8d3cb048dfe", "3c5cece36d4e17d395be6e9ac6b80ce7b774a1f71c251756c6163e63b6d878dc", "4d739ee8d8b51098927709aac46ead2e965e397b6a5ac50047bd65a3d1a79ba6", "4e4f993d2e3bc9c5eb6db8b3c70c94143831f32f56a9dd19bd35d85066bc5a37", "64fd7615023e8cc043f084a61a562059ec0e14eb843a03662e9dbfb66deaae92", "72b042ef5a21c0617eb8ba2ef524f107f3e5def3507105aad3d986c7b4544716", "8b7be53059ac21a3b27d5e35be272c2b092b6348b336ad9c9c57f70697ab17a1", "95a0a0ae8c4024a3c0658e496fd52a2baeefad2e521a4de132b668d2001e5a24", "ae741e1919c08d1445362d2af4fb02ef3c611f2e3349ca0ba2a22fab494b86cc", "b4428012419ada0c691240a388798a6c839477c5a968751ebfec663c0b4fe801", "bc2f7ac5a3febf98e471dad4bc07e96a89bf954660d7d993d1d9486b0ce60aaa", "c00e1b7903afa608b6eadf44da8d4d05ffeab99769965aed9e8fad85cd28e16c", "c1473db14003eb544b08d94f3ac7bcebe8c839dc2d3dcdaf0db8c3a17b551674", "d23f3fab4e3c81706517d99e1d3e0dcbce24009cf540a223b5d29baa7b781f4f", "d27656cc329bf1b7ed64402de892bbee1d10b6cf0210a2d61d2f8a1c809e52a4", "d7b0551df47ed6d2e7438d7c96339f2a8749e4687407a5bf0bb5a6eeb8ba8ffa", "ee1e04e48f2160467c59fbf561eca8285d79573d2f98547c059bd05bcfd34321", "f1d76e5c679f3668f6fcb4f6cfb31863ebcf86c742a64435264dc5d3a41f7ce0", "f1eefc1220d754bd572fb409de844b9d2d5506c5dee5a72063343270146a8246", "f7685816885e217acf90965dd55863152b0865d3b15cf7f2286b39aaf4bc4913"]
pyyaml = ["3d7da3009c0f3e783b2c873687652d83b1bbfd5c88e9813fb7e5b03c0dd3108b", "3ef3092145e9b70e3ddd2c7ad59bdd0252a94dfe3949721633e41344de00a6bf", "40c71b8e076d0550b2e6380bada1f1cd1017b882f7e16f09a65be98e017f211a", "558dd60b890ba8fd982e05941927a3911dc409a63dcb8b634feaa0cda69330d3", "a7c28b45d9f99102fa092bb213aa12e0aaf9a6a1f5e395d36166639c1f96c3a1", "aa7dd4a6a427aed7df6fb7f08a580d68d9b118d90310374716ae90b710280af1", "bc558586e6045763782014934bfaf39d48b8ae85a2713117d16c39864085c613", "d46d7982b62e0729ad0175a9bc7e10a566fc07b224d2c79fafb5e032727eaa04", "d5eef459e30b09f5a098b9cea68bebfeb268697f78d647bd255a085371ac7f3f", "e01d3203230e1786cd91ccfdc8f8454c8069c91bee3962ad93b87a4b2860f537", "e170a9e6fcfd19021dd29845af83bb79236068bf5fd4df3327c1be18182b2531"]
resampy = ["7f6912ca2b746eb9bcdc05c52fcef088f0b7ba1ca6ee0b2d0a359d18fc57f8f8"]
scikit-image = ["29c6f82136bd9024b733052de1b61264a15b56d40f141753599a2bdcca865e7e", "2dea14579d3c35f4f7827a43dc945c38620cc3d162f4937035ed29367b151663", "3af0d129443e48c190be252072ee8aab56b77510d7c6c0098e285b8601bdfaf4", "476f8ad8aa39b959bc55767e11734675612b10d15aef8a8a4ff4513b01c21132", "4d94499d08ae8c1f54161d278a97c66a2cad6d2bece7ab8dc2cfc6ac84bf124b", "51c9d506d2667d830e64fc69d37161321c1a628e785836d0f3da0bfdc78c71cc", "585a082dba66b5f520549cf2957e53331b35071b7d7f31c7d589d12dd4381238", "613a48ae6aca31ba1844c6a1fc10d53ac699c552931a264e343b01e020e7c506", "651d04e00e34564943f868590bb9c3682d8f96b9c7dfc9c20ce96b3b8d149e51", "702b88e7d3cc9367bac7e38ef3f21aa1ca01c512a4b33bb0678c89457bec937b", "71122880441c4f611b760f3ab2887174b06f74deccbdf6eda1ee4c9cc7eca143", "7794b63d9e205a965a0978b9f9f96de04c6b75fb94a768abdec77f67d3eaa223", "77ac6718b0ce7b960cf0de0df2e2e5bbba624c25c2f0041c2dcb80bb3b8c482a", "7999a51fa4110b6381f10789c6c4ef3d545ee35a333ccae83e6b69c0b40a0800", "86a9b3b4f74f231e0a6bcfd3235dcf3f0118df25dac21201da5e064d681e2c50", "90eac802ea1cc330644cb8a9d973be586a67286c7db82803bbed3772ae74ef17", "9f847a7b8154876766751187a8fa84b382b079c5cd6408b031412a9bd3c1d79d", "abac80ffcecd32350d2c3455d7dbd0bf316021ea4fe49ec0a904de71beeda1b0", "af7051d8b517db3b2a4b997fb6d74c5a746a82bf60955ee9cf9973a77305464b", "be2de17fee71c1b690b3bdba2747396353e6cacd4ae771e36f61a7e9cb143bb0", "db73ca70a2ad5e0513eead02ce4eab0de595093c7240be00f1e95f1a6a78bc7f", "e166278716c188bf256cb8f8ae136dab54c1675b54f24c725fc665e8c59417fa", "f0f729ac91c63c8e5ad070c00b22c094af47345651428ab38fc3ffd2de0b325f", "f864c526f1ebc1e13725c41488dc766d1f427f6f3d8c838b9c1d5474b30c796b", "fdc663778a73587cb4b5fda4b9ceb22b4c47613d7164398f4da34b8030a1a73e", "ff34ea2642d65da0b7049739dff12d8dd5930a8e8d835bd9927d6e62a37b05ea"]
scikit-learn = ["05d061606657af85365b5f71484e3362d924429edde17a90068960843ad597f5", "071317afbb5c67fa493635376ddd724b414290255cbf6947c1155846956e93f7", "0d03aaf19a25e59edac3099cda6879ba05129f0fa1e152e23b728ccd36104f57", "1665ea0d4b75ef24f5f2a9d1527b7296eeabcbe3a1329791c954541e2ebde5a2", "24eccb0ff31f84e88e00936c09197735ef1dcabd370aacb10e55dbc8ee464a78", "27b48cabacce677a205e6bcda1f32bdc968fbf40cd2aa0a4f52852f6997fce51", "2c51826b9daa87d7d356bebd39f8665f7c32e90e3b21cbe853d6c7f0d6b0d23b", "3116299d392bd1d054655fa2a740e7854de87f1d573fa85503e64494e52ac795", "3771861abe1fd1b2bbeaec7ba8cfca58fdedd75d790f099960e5332af9d1ff7a", "473ba7d9a5eaec47909ee83d74b4a3be47a44505c5189d2cab67c0418cd030f1", "621e2c91f9afde06e9295d128cb15cb6fc77dc00719393e9ec9d47119895b0d4", "645865462c383e5faad473b93145a8aee97d839c9ad1fd7a17ae54ec8256d42b", "80e2276d4869d302e84b7c03b5bac4a67f6cd331162e62ae775a3e5855441a60", "84d2cfe0dee3c22b26364266d69850e0eb406d99714045929875032f91d3c918", "87ea9ace7fe811638dfc39b850b60887509b8bfc93c4006d5552fa066d04ddc7", "a4d1e535c75881f668010e6e53dfeb89dd50db85b05c5c45af1991c8b832d757", "a4f14c4327d2e44567bfb3a0bee8c55470f820bc9a67af3faf200abd8ed79bf2", "a7b3c24e193e8c6eaeac075b5d0bb0a7fea478aa2e4b991f6a7b030fc4fd410d", "ab2919aca84f1ac6ef60a482148eec0944364ab1832e63f28679b16f9ef279c8", "b0f79d5ff74f3c68a4198ad5b4dfa891326b5ce272dd064d11d572b25aae5b43", "bc5bc7c7ee2572a1edcb51698a6caf11fae554194aaab9a38105d9ec419f29e6", "bc5c750d548795def79576533f8f0f065915f17f48d6e443afce2a111f713747", "c68969c30b3b2c1fe07c1376110928eade61da4fc29c24c9f1a89435a7d08abe", "d3b4f791d2645fe936579d61f1ff9b5dcf0c8f50db7f0245ca8f16407d7a5a46", "dac0cd9fdd8ac6dd6108a10558e2e0ca1b411b8ea0a3165641f9ab0b4322df4e", "eb7ddbdf33eb822fdc916819b0ab7009d954eb43c3a78e7dd2ec5455e074922a", "ed537844348402ed53420187b3a6948c576986d0b2811a987a49613b6a26f29e", "fcca54733e692fe03b8584f7d4b9344f4b6e3a74f5b326c6e5f5e9d2504bdce7"]
scipy = ["02cb79ea38114dc480e9b08d6b87095728e8fb39b9a49b449ee443d678001611", "03c827cdbc584e935264040b958e5fa0570a16095bee23a013482ba3f0e963a2", "04f2b23258139c109d0524f111597dd095a505d9cb2c71e381d688d653877fa3", "3132a9fab3f3545c8b0ba15688d11857efdd4a58d388d3785dc474f56fea7138", "4b1f0883cb9d8ee963cf0a31c87341e9e758abb2cf1e5bcc0d7b066ef6b17573", "4cce25c6e7ff7399c67dfe1b5423c36c391cf9b4b2be390c1675ab410f1ef503", "51a2424c8ed80e60bdb9a896806e7adaf24a58253b326fbad10f80a6d06f2214", "5706b785ca289fdfd91aa05066619e51d140613b613e35932601f2315f5d8470", "58f0435f052cb60f1472c77f52a8f6642f8877b70559e5e0b9a1744f33f5cbe5", "63e1d5ca9e5e1984f1a275276991b036e25d39d37dd7edbb3f4f6165c2da7dbb", "64b2c35824da3ef6bb1e722216e4ef28802af6413c7586136500e343d34ba179", "6f791987899532305126309578727c0197bddbafab9596bafe3e7bfab6e1ce13", "72bd766f753fd32f072d30d7bc2ad492d56dbcbf3e13764e27635d5c41079339", "7413080b381766a22d52814edb65631f0e323a7cea945c70021a672f38acc73f", "78a67ee4845440e81cfbfabde20537ca12051d0eeac951fe4c6d8751feac3103", "7994c044bf659b0a24ad7673ec7db85c2fadb87e4980a379a9fd5b086fe3649a", "7dc4002f0a0a688774ef04878afe769ecd1ac21fe9b4b1d7125e2cf16170afd3", "854bd87cc23824d5db4983956bc30f3790e1c7448f1a9e6a8fb7bff7601aef87", "8608316d0cc01f8b25111c8adfe6efbc959cbba037a62c784551568d7ffbf280", "8f5fcc87b48fc3dd6d901669c89af4feeb856dffb6f671539a238b7e8af1799c", "937147086e8b4338bf139ca8fa98da650e3a46bf2ca617f8e9dd68c3971ec420", "bc294841f6c822714af362095b181a853f47ed5ce757354bd2e4776d579ff3a4", "bc6a88b0009a1b60eab5c22ac3a006f6968d6328de10c6a64ebb0d64a05548d3", "c5eae911cf26b3c7eda889ec98d3c226f312c587acfaaf02602473f98b4c16d6", "cca33a01a5987c650b87a1a910aa311ffa44e67cca1ff502ef9efdae5d9a8624", "d1ae77b79fd5e27a10ba7c4e7c3a62927b9d29a4dccf28f6905c25d983aaf183", "fb36064047e6bf87b6320a9b6eb7f525ef6863c7a4aef1a84a4bbfb043612617", "fc1a19d95649439dbd50baca676bceb29bbfcd600aed2c5bd71d9bad82a87cfe"]
singledispatch = ["5b06af87df13818d14f08a028e42f566640aef80805c3b50c5056b086e3c2b9c", "833b46966687b3de7f438c761ac475213e53b306740f1abfaa86e1d1aae56aa8"]
six = ["3350809f0555b11f552448330d0b52d5f24c91a322ea4a15ef22629740f3761c", "d16a0141ec1a18405cd4ce8b4613101da75da0e9a7aec5bdd4fa804d0e0eba73"]
toml = ["229f81c57791a41d65e399fc06bf0848bab550a9dfd5ed66df18ce5f05e73d5c", "235682dd292d5899d361a811df37e04a8828a5b1da3115886b73cf81ebc9100e", "f1db651f9657708513243e61e6cc67d101a39bad662eaa9b5546f789338e07a3"]
toolz = ["929f0a7ea7f61c178bd951bdae93920515d3fbdbafc8e6caf82d752b9b3b31c9"]
virtualenv = ["8b9abfc51c38b70f61634bf265e5beacf6fae11fc25d355d1871f49b8e45f0db", "cceab52aa7d4df1e1871a70236eb2b89fcfe29b6b43510d9738689787c513261"]
zipp = ["55ca87266c38af6658b84db8cfb7343cdb0bf275f93c7afaea0d8e7a209c7478", "682b3e1c62b7026afe24eadf6be579fb45fec54c07ea218bded8092af07a68c4"]
